metadata:
  content_hash:
    win-64: e90c2ee71ad70fc0a1c8302029533a7d1498f2bffcd0eaa8d2934700e775dc1d
  channels:
  - url: https://conda.anaconda.org/conda-forge/
    used_env_vars: []
  platforms:
  - win-64
  sources: []
  time_metadata: null
  git_metadata: null
  inputs_metadata: null
  custom_metadata: null
package:
- platform: win-64
  name: bzip2
  version: 1.0.8
  category: main
  manager: conda
  dependencies:
  - ucrt >=10.0.20348.0
  - vc >=14.2,<15
  - vc14_runtime >=14.29.30139
  url: https://conda.anaconda.org/conda-forge/win-64/bzip2-1.0.8-hcfcfb64_5.conda
  hash:
    md5: 26eb8ca6ea332b675e11704cce84a3be
    sha256: ae5f47a5c86fd6db822931255dcf017eb12f60c77f07dc782ccb477f7808aab2
  build: hcfcfb64_5
  arch: x86_64
  subdir: win-64
  build_number: 5
  license: bzip2-1.0.6
  license_family: BSD
  size: 124580
  timestamp: 1699280668742
- platform: win-64
  name: ca-certificates
  version: 2023.7.22
  category: main
  manager: conda
  dependencies: []
  url: https://conda.anaconda.org/conda-forge/win-64/ca-certificates-2023.7.22-h56e8100_0.conda
  hash:
    md5: b1c2327b36f1a25d96f2039b0d3e3739
    sha256: b85a6f307f8e1c803cb570bdfb9e4d811a361417873ecd2ecf687587405a72e0
  build: h56e8100_0
  arch: x86_64
  subdir: win-64
  build_number: 0
  license: ISC
  size: 150013
  timestamp: 1690026269050
- platform: win-64
  name: libexpat
  version: 2.5.0
  category: main
  manager: conda
  dependencies: []
  url: https://conda.anaconda.org/conda-forge/win-64/libexpat-2.5.0-h63175ca_1.conda
  hash:
    md5: 636cc3cbbd2e28bcfd2f73b2044aac2c
    sha256: 794b2a9be72f176a2767c299574d330ffb76b2ed75d7fd20bee3bbadce5886cf
  build: h63175ca_1
  arch: x86_64
  subdir: win-64
  build_number: 1
  constrains:
  - expat 2.5.0.*
  license: MIT
  license_family: MIT
  size: 138689
  timestamp: 1680190844101
- platform: win-64
  name: libffi
  version: 3.4.2
  category: main
  manager: conda
  dependencies:
  - vc >=14.1,<15.0a0
  - vs2015_runtime >=14.16.27012
  url: https://conda.anaconda.org/conda-forge/win-64/libffi-3.4.2-h8ffe710_5.tar.bz2
  hash:
    md5: 2c96d1b6915b408893f9472569dee135
    sha256: 1951ab740f80660e9bc07d2ed3aefb874d78c107264fd810f24a1a6211d4b1a5
  build: h8ffe710_5
  arch: x86_64
  subdir: win-64
  build_number: 5
  license: MIT
  license_family: MIT
  size: 42063
  timestamp: 1636489106777
- platform: win-64
  name: libsqlite
  version: 3.44.0
  category: main
  manager: conda
  dependencies:
  - ucrt >=10.0.20348.0
  - vc >=14.2,<15
  - vc14_runtime >=14.29.30139
  url: https://conda.anaconda.org/conda-forge/win-64/libsqlite-3.44.0-hcfcfb64_0.conda
  hash:
    md5: 446fb1973cfeb8b32de4add3c9ac1057
    sha256: b2be4125343d89765269b537e90ea5ab7f219e7398e7ad610ddcdcf31e7b9e65
  build: hcfcfb64_0
  arch: x86_64
  subdir: win-64
  build_number: 0
  license: Unlicense
  size: 852871
  timestamp: 1698855272921
- platform: win-64
  name: libzlib
  version: 1.2.13
  category: main
  manager: conda
  dependencies:
  - ucrt >=10.0.20348.0
  - vc >=14.2,<15
  - vc14_runtime >=14.29.30139
  url: https://conda.anaconda.org/conda-forge/win-64/libzlib-1.2.13-hcfcfb64_5.conda
  hash:
    md5: 5fdb9c6a113b6b6cb5e517fd972d5f41
    sha256: c161822ee8130b71e08b6d282b9919c1de2c5274b29921a867bca0f7d30cad26
  build: hcfcfb64_5
  arch: x86_64
  subdir: win-64
  build_number: 5
  constrains:
  - zlib 1.2.13 *_5
  license: Zlib
  license_family: Other
  size: 55800
  timestamp: 1686575452215
- platform: win-64
  name: openssl
  version: 3.1.4
  category: main
  manager: conda
  dependencies:
  - ca-certificates
  - ucrt >=10.0.20348.0
  - vc >=14.2,<15
  - vc14_runtime >=14.29.30139
  url: https://conda.anaconda.org/conda-forge/win-64/openssl-3.1.4-hcfcfb64_0.conda
  hash:
    md5: 2eebbc64373a1c6db62ad23304e9678e
    sha256: e30b7f55c27d06e3322876c9433a3522e751d06a40b3bb6c4f8b4bcd781a3794
  build: hcfcfb64_0
  arch: x86_64
  subdir: win-64
  build_number: 0
  constrains:
  - pyopenssl >=22.1
  license: Apache-2.0
  license_family: Apache
  size: 7427765
  timestamp: 1698166937344
- platform: win-64
  name: pip
  version: 23.3.1
  category: main
  manager: conda
  dependencies:
  - python >=3.7
  - setuptools
  - wheel
  url: https://conda.anaconda.org/conda-forge/noarch/pip-23.3.1-pyhd8ed1ab_0.conda
  hash:
    md5: 2400c0b86889f43aa52067161e1fb108
    sha256: 435829a03e1c6009f013f29bb83de8b876c388820bf8cf69a7baeec25f6a3563
  build: pyhd8ed1ab_0
  arch: x86_64
  subdir: win-64
  build_number: 0
  license: MIT
  license_family: MIT
  noarch: python
  size: 1398838
  timestamp: 1697896918388
- platform: win-64
  name: python
  version: 3.12.0
  category: main
  manager: conda
  dependencies:
  - bzip2 >=1.0.8,<2.0a0
  - libexpat >=2.5.0,<3.0a0
  - libffi >=3.4,<4.0a0
  - libsqlite >=3.43.0,<4.0a0
  - libzlib >=1.2.13,<1.3.0a0
  - openssl >=3.1.3,<4.0a0
  - tk >=8.6.13,<8.7.0a0
  - tzdata
  - ucrt >=10.0.20348.0
  - vc >=14.2,<15
  - vc14_runtime >=14.29.30139
  - xz >=5.2.6,<6.0a0
  url: https://conda.anaconda.org/conda-forge/win-64/python-3.12.0-h2628c8c_0_cpython.conda
  hash:
    md5: defd5d375853a2caff36a19d2d81a28e
    sha256: 90553586879bf328f2f9efb8d8faa958ecba822faf379f0a20c3461467b9b955
  build: h2628c8c_0_cpython
  arch: x86_64
  subdir: win-64
  build_number: 0
  constrains:
  - python_abi 3.12.* *_cp312
  license: Python-2.0
  size: 16140836
  timestamp: 1696321871976
- platform: win-64
  name: setuptools
  version: 68.2.2
  category: main
  manager: conda
  dependencies:
  - python >=3.7
  url: https://conda.anaconda.org/conda-forge/noarch/setuptools-68.2.2-pyhd8ed1ab_0.conda
  hash:
    md5: fc2166155db840c634a1291a5c35a709
    sha256: 851901b1f8f2049edb36a675f0c3f9a98e1495ef4eb214761b048c6f696a06f7
  build: pyhd8ed1ab_0
  arch: x86_64
  subdir: win-64
  build_number: 0
  license: MIT
  license_family: MIT
  noarch: python
  size: 464399
  timestamp: 1694548452441
- platform: win-64
  name: tk
  version: 8.6.13
  category: main
  manager: conda
  dependencies:
  - ucrt >=10.0.20348.0
  - vc >=14.2,<15
  - vc14_runtime >=14.29.30139
  url: https://conda.anaconda.org/conda-forge/win-64/tk-8.6.13-h5226925_1.conda
  hash:
    md5: fc048363eb8f03cd1737600a5d08aafe
    sha256: 2c4e914f521ccb2718946645108c9bd3fc3216ba69aea20c2c3cedbd8db32bb1
  build: h5226925_1
  arch: x86_64
  subdir: win-64
  build_number: 1
  license: TCL
  license_family: BSD
  size: 3503410
  timestamp: 1699202577803
- platform: win-64
  name: tzdata
  version: 2023c
  category: main
  manager: conda
  dependencies: []
  url: https://conda.anaconda.org/conda-forge/noarch/tzdata-2023c-h71feb2d_0.conda
  hash:
    md5: 939e3e74d8be4dac89ce83b20de2492a
    sha256: 0449138224adfa125b220154408419ec37c06b0b49f63c5954724325903ecf55
  build: h71feb2d_0
  arch: x86_64
  subdir: win-64
  build_number: 0
  license: LicenseRef-Public-Domain
  noarch: generic
  size: 117580
  timestamp: 1680041306008
- platform: win-64
  name: ucrt
  version: 10.0.22621.0
  category: main
  manager: conda
  dependencies: []
  url: https://conda.anaconda.org/conda-forge/win-64/ucrt-10.0.22621.0-h57928b3_0.tar.bz2
  hash:
    md5: 72608f6cd3e5898229c3ea16deb1ac43
    sha256: f29cdaf8712008f6b419b8b1a403923b00ab2504bfe0fb2ba8eb60e72d4f14c6
  build: h57928b3_0
  arch: x86_64
  subdir: win-64
  build_number: 0
  constrains:
  - vs2015_runtime >=14.29.30037
  license: LicenseRef-Proprietary
  license_family: PROPRIETARY
  size: 1283972
  timestamp: 1666630199266
- platform: win-64
  name: vc
  version: '14.3'
  category: main
  manager: conda
  dependencies:
  - vc14_runtime >=14.36.32532
  url: https://conda.anaconda.org/conda-forge/win-64/vc-14.3-h64f974e_17.conda
  hash:
    md5: 67ff6791f235bb606659bf2a5c169191
    sha256: 86ae94bf680980776aa761c2b0909a0ddbe1f817e7eeb8b16a1730f10f8891b6
  build: h64f974e_17
  arch: x86_64
  subdir: win-64
  build_number: 17
  track_features: vc14
  license: BSD-3-Clause
  license_family: BSD
  size: 17176
  timestamp: 1688020629925
- platform: win-64
  name: vc14_runtime
  version: 14.36.32532
  category: main
  manager: conda
  dependencies:
  - ucrt >=10.0.20348.0
  url: https://conda.anaconda.org/conda-forge/win-64/vc14_runtime-14.36.32532-hdcecf7f_17.conda
  hash:
    md5: d0de20f2f3fc806a81b44fcdd941aaf7
    sha256: b317d49af32d5c031828e62c08d56f01d9a64cd3f40d4cccb052bc38c7a9e62e
  build: hdcecf7f_17
  arch: x86_64
  subdir: win-64
  build_number: 17
  constrains:
  - vs2015_runtime 14.36.32532.* *_17
  license: LicenseRef-ProprietaryMicrosoft
  license_family: Proprietary
  size: 739437
  timestamp: 1694292382336
- platform: win-64
  name: vs2015_runtime
  version: 14.36.32532
  category: main
  manager: conda
  dependencies:
  - vc14_runtime >=14.36.32532
  url: https://conda.anaconda.org/conda-forge/win-64/vs2015_runtime-14.36.32532-h05e6639_17.conda
  hash:
    md5: 4618046c39f7c81861e53ded842e738a
    sha256: 5ecbd731dc7f13762d67be0eadc47eb7f14713005e430d9b5fc680e965ac0f81
  build: h05e6639_17
  arch: x86_64
  subdir: win-64
  build_number: 17
  license: BSD-3-Clause
  license_family: BSD
  size: 17207
  timestamp: 1688020635322
- platform: win-64
  name: wheel
  version: 0.41.3
  category: main
  manager: conda
  dependencies:
  - python >=3.7
  url: https://conda.anaconda.org/conda-forge/noarch/wheel-0.41.3-pyhd8ed1ab_0.conda
  hash:
    md5: 3fc026b9c87d091c4b34a6c997324ae8
    sha256: 84c3b57fba778add2bd47b7cc70e86f746d2c55549ffd2ccb6f3d6bf7c94d21d
  build: pyhd8ed1ab_0
  arch: x86_64
  subdir: win-64
  build_number: 0
  license: MIT
  license_family: MIT
  noarch: python
  size: 57901
  timestamp: 1698670970223
- platform: win-64
  name: xz
  version: 5.2.6
  category: main
  manager: conda
  dependencies:
  - vc >=14.1,<15
  - vs2015_runtime >=14.16.27033
  url: https://conda.anaconda.org/conda-forge/win-64/xz-5.2.6-h8d14728_0.tar.bz2
  hash:
    md5: 515d77642eaa3639413c6b1bc3f94219
    sha256: 54d9778f75a02723784dc63aff4126ff6e6749ba21d11a6d03c1f4775f269fe0
  build: h8d14728_0
  arch: x86_64
  subdir: win-64
  build_number: 0
  license: LGPL-2.1 and GPL-2.0
  size: 217804
  timestamp: 1660346976440
version: 1
